
Microsoft Visual Studio Solution File, Format Version 12.00
# Visual Studio Version 17
VisualStudioVersion = 17.0.31903.59
MinimumVisualStudioVersion = 10.0.40219.1
Project("{FAE04EC0-301F-11D3-BF4B-00C04F79EFBC}") = "CollectionDemo", "CollectionDemo\CollectionDemo.csproj", "{009182F7-472A-4743-A4C4-A34BFEA51659}"
EndProject
Global
	GlobalSection(SolutionConfigurationPlatforms) = preSolution
		Debug|Any CPU = Debug|Any CPU
		Release|Any CPU = Release|Any CPU
	EndGlobalSection
	GlobalSection(ProjectConfigurationPlatforms) = postSolution
		{009182F7-472A-4743-A4C4-A34BFEA51659}.Debug|Any CPU.ActiveCfg = Debug|Any CPU
		{009182F7-472A-4743-A4C4-A34BFEA51659}.Debug|Any CPU.Build.0 = Debug|Any CPU
		{009182F7-472A-4743-A4C4-A34BFEA51659}.Release|Any CPU.ActiveCfg = Release|Any CPU
		{009182F7-472A-4743-A4C4-A34BFEA51659}.Release|Any CPU.Build.0 = Release|Any CPU
	EndGlobalSection
	GlobalSection(SolutionProperties) = preSolution
		HideSolutionNode = FALSE
	EndGlobalSection
	GlobalSection(ExtensibilityGlobals) = postSolution
		SolutionGuid = {A75151CB-3506-425F-BC11-CED1C85E5525}
	EndGlobalSection
EndGlobal
